// !$*UTF8*$!
{
	archiveVersion = 1;
	classes = {
	};
	objectVersion = 56;
	objects = {

/* Begin PBXBuildFile section */
		E21FE660295CBFC500978ED2 /* RMService.swift in Sources */ = {isa = PBXBuildFile; fileRef = E21FE65F295CBFC500978ED2 /* RMService.swift */; };
		E21FE662295CBFE200978ED2 /* RMRequest.swift in Sources */ = {isa = PBXBuildFile; fileRef = E21FE661295CBFE200978ED2 /* RMRequest.swift */; };
		E21FE664295CC12000978ED2 /* RMEndpoint.swift in Sources */ = {isa = PBXBuildFile; fileRef = E21FE663295CC12000978ED2 /* RMEndpoint.swift */; };
		E2595CB72964C88A00B39F9B /*  RMImageLoader.swift in Sources */ = {isa = PBXBuildFile; fileRef = E2595CB62964C88A00B39F9B /*  RMImageLoader.swift */; };
		E2B15452295A04B600A657CA /* AppDelegate.swift in Sources */ = {isa = PBXBuildFile; fileRef = E2B15451295A04B600A657CA /* AppDelegate.swift */; };
		E2B15454295A04B600A657CA /* SceneDelegate.swift in Sources */ = {isa = PBXBuildFile; fileRef = E2B15453295A04B600A657CA /* SceneDelegate.swift */; };
		E2B15456295A04B600A657CA /* RMTabBarController.swift in Sources */ = {isa = PBXBuildFile; fileRef = E2B15455295A04B600A657CA /* RMTabBarController.swift */; };
		E2B1545B295A04B700A657CA /* Assets.xcassets in Resources */ = {isa = PBXBuildFile; fileRef = E2B1545A295A04B700A657CA /* Assets.xcassets */; };
		E2B1545E295A04B700A657CA /* LaunchScreen.storyboard in Resources */ = {isa = PBXBuildFile; fileRef = E2B1545C295A04B700A657CA /* LaunchScreen.storyboard */; };
		E2B1546D295A097200A657CA /* RMLocation.swift in Sources */ = {isa = PBXBuildFile; fileRef = E2B1546C295A097200A657CA /* RMLocation.swift */; };
		E2B1546F295A099B00A657CA /* RMCharacter.swift in Sources */ = {isa = PBXBuildFile; fileRef = E2B1546E295A099B00A657CA /* RMCharacter.swift */; };
		E2B15471295A09B200A657CA /* RMEpisode.swift in Sources */ = {isa = PBXBuildFile; fileRef = E2B15470295A09B200A657CA /* RMEpisode.swift */; };
		E2B15474295A0AD900A657CA /* RMCharacterViewController.swift in Sources */ = {isa = PBXBuildFile; fileRef = E2B15473295A0AD900A657CA /* RMCharacterViewController.swift */; };
		E2B15476295A0AF300A657CA /* RMLoactionViewController.swift in Sources */ = {isa = PBXBuildFile; fileRef = E2B15475295A0AF300A657CA /* RMLoactionViewController.swift */; };
		E2B15478295A0B0B00A657CA /* RMEpisodeViewController.swift in Sources */ = {isa = PBXBuildFile; fileRef = E2B15477295A0B0B00A657CA /* RMEpisodeViewController.swift */; };
		E2B1547A295A0B1F00A657CA /* RMSettingsViewController.swift in Sources */ = {isa = PBXBuildFile; fileRef = E2B15479295A0B1F00A657CA /* RMSettingsViewController.swift */; };
		E2C0CDEE297199F300F620D6 /* RMAPICacheManager.swift in Sources */ = {isa = PBXBuildFile; fileRef = E2C0CDED297199F300F620D6 /* RMAPICacheManager.swift */; };
		E2C0CDF02971A18500F620D6 /* RMEpisodeDetailViewViewModel.swift in Sources */ = {isa = PBXBuildFile; fileRef = E2C0CDEF2971A18500F620D6 /* RMEpisodeDetailViewViewModel.swift */; };
		E2C0CDF22971A20600F620D6 /* RMEpisodeDetailView.swift in Sources */ = {isa = PBXBuildFile; fileRef = E2C0CDF12971A20600F620D6 /* RMEpisodeDetailView.swift */; };
		E2D2B4A6297058DF00AC4EE7 /* RMEpisodeDetailViewController.swift in Sources */ = {isa = PBXBuildFile; fileRef = E2D2B4A5297058DF00AC4EE7 /* RMEpisodeDetailViewController.swift */; };
		E2D756792961BC7C0085E846 /* RMFooterLoadingCollectionReusableView.swift in Sources */ = {isa = PBXBuildFile; fileRef = E2D756782961BC7C0085E846 /* RMFooterLoadingCollectionReusableView.swift */; };
		E2E41F4E295DFFE100F6A190 /* RMOrigin.swift in Sources */ = {isa = PBXBuildFile; fileRef = E2E41F4D295DFFE100F6A190 /* RMOrigin.swift */; };
		E2E41F50295E015800F6A190 /* RMSingleLocation.swift in Sources */ = {isa = PBXBuildFile; fileRef = E2E41F4F295E015800F6A190 /* RMSingleLocation.swift */; };
		E2E41F52295E039400F6A190 /* RMCharacterStatus.swift in Sources */ = {isa = PBXBuildFile; fileRef = E2E41F51295E039400F6A190 /* RMCharacterStatus.swift */; };
		E2E41F54295E03CC00F6A190 /* RMCharacterGender.swift in Sources */ = {isa = PBXBuildFile; fileRef = E2E41F53295E03CC00F6A190 /* RMCharacterGender.swift */; };
		E2E41F58295E397600F6A190 /* RMGetAllCharactersResponse.swift in Sources */ = {isa = PBXBuildFile; fileRef = E2E41F57295E397600F6A190 /* RMGetAllCharactersResponse.swift */; };
		E2E602392960946D00857092 /* RMCharacterdetailViewController.swift in Sources */ = {isa = PBXBuildFile; fileRef = E2E602382960946D00857092 /* RMCharacterdetailViewController.swift */; };
		E2E6023B296095A200857092 /* RMCharacterDetailView.swift in Sources */ = {isa = PBXBuildFile; fileRef = E2E6023A296095A200857092 /* RMCharacterDetailView.swift */; };
		E2E6023D296095E000857092 /* RMCharacterDetailViewViewModel.swift in Sources */ = {isa = PBXBuildFile; fileRef = E2E6023C296095E000857092 /* RMCharacterDetailViewViewModel.swift */; };
		E2ECB7782969BFE600E83BB9 /* RMCharacterPhotoCollectionViewCell.swift in Sources */ = {isa = PBXBuildFile; fileRef = E2ECB7772969BFE600E83BB9 /* RMCharacterPhotoCollectionViewCell.swift */; };
		E2ECB77A2969BFFE00E83BB9 /* RMCharacterInfoCollectionViewCell.swift in Sources */ = {isa = PBXBuildFile; fileRef = E2ECB7792969BFFE00E83BB9 /* RMCharacterInfoCollectionViewCell.swift */; };
		E2ECB77C2969C01A00E83BB9 /* RMCharacterEpisodeCollectionViewCell.swift in Sources */ = {isa = PBXBuildFile; fileRef = E2ECB77B2969C01A00E83BB9 /* RMCharacterEpisodeCollectionViewCell.swift */; };
		E2ECB77F2969C0D100E83BB9 /* RMCharacterPhotoCollectionViewCellViewModel.swift in Sources */ = {isa = PBXBuildFile; fileRef = E2ECB77E2969C0D100E83BB9 /* RMCharacterPhotoCollectionViewCellViewModel.swift */; };
		E2ECB7812969C10F00E83BB9 /* RMCharacterInfoCollectionViewCellViewModel.swift in Sources */ = {isa = PBXBuildFile; fileRef = E2ECB7802969C10F00E83BB9 /* RMCharacterInfoCollectionViewCellViewModel.swift */; };
		E2ECB7832969C12200E83BB9 /* RMCharacterEpisodeCollectionViewCellViewModel.swift in Sources */ = {isa = PBXBuildFile; fileRef = E2ECB7822969C12200E83BB9 /* RMCharacterEpisodeCollectionViewCellViewModel.swift */; };
		E2FF5E60295EDFB900C12B5E /* RMCharacterListViewViewModel.swift in Sources */ = {isa = PBXBuildFile; fileRef = E2FF5E5F295EDFB900C12B5E /* RMCharacterListViewViewModel.swift */; };
		E2FF5E62295EE0BF00C12B5E /* RMCharacterListView.swift in Sources */ = {isa = PBXBuildFile; fileRef = E2FF5E61295EE0BF00C12B5E /* RMCharacterListView.swift */; };
		E2FF5E64295EE7AD00C12B5E /* Extensions.swift in Sources */ = {isa = PBXBuildFile; fileRef = E2FF5E63295EE7AD00C12B5E /* Extensions.swift */; };
		E2FF5E66295EF0A600C12B5E /* RMCharacterCollectionViewCell.swift in Sources */ = {isa = PBXBuildFile; fileRef = E2FF5E65295EF0A600C12B5E /* RMCharacterCollectionViewCell.swift */; };
		E2FF5E68295EF30C00C12B5E /* RMCharacterCollectionViewCellViewModel.swift in Sources */ = {isa = PBXBuildFile; fileRef = E2FF5E67295EF30C00C12B5E /* RMCharacterCollectionViewCellViewModel.swift */; };
/* End PBXBuildFile section */

/* Begin PBXFileReference section */
		E21FE65F295CBFC500978ED2 /* RMService.swift */ = {isa = PBXFileReference; lastKnownFileType = sourcecode.swift; path = RMService.swift; sourceTree = "<group>"; };
		E21FE661295CBFE200978ED2 /* RMRequest.swift */ = {isa = PBXFileReference; lastKnownFileType = sourcecode.swift; path = RMRequest.swift; sourceTree = "<group>"; };
		E21FE663295CC12000978ED2 /* RMEndpoint.swift */ = {isa = PBXFileReference; lastKnownFileType = sourcecode.swift; path = RMEndpoint.swift; sourceTree = "<group>"; };
		E2595CB62964C88A00B39F9B /*  RMImageLoader.swift */ = {isa = PBXFileReference; lastKnownFileType = sourcecode.swift; path = " RMImageLoader.swift"; sourceTree = "<group>"; };
		E2B1544E295A04B600A657CA /* RickAndMorty.app */ = {isa = PBXFileReference; explicitFileType = wrapper.application; includeInIndex = 0; path = RickAndMorty.app; sourceTree = BUILT_PRODUCTS_DIR; };
		E2B15451295A04B600A657CA /* AppDelegate.swift */ = {isa = PBXFileReference; lastKnownFileType = sourcecode.swift; path = AppDelegate.swift; sourceTree = "<group>"; };
		E2B15453295A04B600A657CA /* SceneDelegate.swift */ = {isa = PBXFileReference; lastKnownFileType = sourcecode.swift; path = SceneDelegate.swift; sourceTree = "<group>"; };
		E2B15455295A04B600A657CA /* RMTabBarController.swift */ = {isa = PBXFileReference; lastKnownFileType = sourcecode.swift; path = RMTabBarController.swift; sourceTree = "<group>"; };
		E2B1545A295A04B700A657CA /* Assets.xcassets */ = {isa = PBXFileReference; lastKnownFileType = folder.assetcatalog; path = Assets.xcassets; sourceTree = "<group>"; };
		E2B1545D295A04B700A657CA /* Base */ = {isa = PBXFileReference; lastKnownFileType = file.storyboard; name = Base; path = Base.lproj/LaunchScreen.storyboard; sourceTree = "<group>"; };
		E2B1545F295A04B700A657CA /* Info.plist */ = {isa = PBXFileReference; lastKnownFileType = text.plist.xml; path = Info.plist; sourceTree = "<group>"; };
		E2B1546C295A097200A657CA /* RMLocation.swift */ = {isa = PBXFileReference; lastKnownFileType = sourcecode.swift; path = RMLocation.swift; sourceTree = "<group>"; };
		E2B1546E295A099B00A657CA /* RMCharacter.swift */ = {isa = PBXFileReference; lastKnownFileType = sourcecode.swift; path = RMCharacter.swift; sourceTree = "<group>"; };
		E2B15470295A09B200A657CA /* RMEpisode.swift */ = {isa = PBXFileReference; lastKnownFileType = sourcecode.swift; path = RMEpisode.swift; sourceTree = "<group>"; };
		E2B15473295A0AD900A657CA /* RMCharacterViewController.swift */ = {isa = PBXFileReference; lastKnownFileType = sourcecode.swift; path = RMCharacterViewController.swift; sourceTree = "<group>"; };
		E2B15475295A0AF300A657CA /* RMLoactionViewController.swift */ = {isa = PBXFileReference; lastKnownFileType = sourcecode.swift; path = RMLoactionViewController.swift; sourceTree = "<group>"; };
		E2B15477295A0B0B00A657CA /* RMEpisodeViewController.swift */ = {isa = PBXFileReference; lastKnownFileType = sourcecode.swift; path = RMEpisodeViewController.swift; sourceTree = "<group>"; };
		E2B15479295A0B1F00A657CA /* RMSettingsViewController.swift */ = {isa = PBXFileReference; lastKnownFileType = sourcecode.swift; path = RMSettingsViewController.swift; sourceTree = "<group>"; };
		E2C0CDED297199F300F620D6 /* RMAPICacheManager.swift */ = {isa = PBXFileReference; lastKnownFileType = sourcecode.swift; path = RMAPICacheManager.swift; sourceTree = "<group>"; };
		E2C0CDEF2971A18500F620D6 /* RMEpisodeDetailViewViewModel.swift */ = {isa = PBXFileReference; lastKnownFileType = sourcecode.swift; path = RMEpisodeDetailViewViewModel.swift; sourceTree = "<group>"; };
		E2C0CDF12971A20600F620D6 /* RMEpisodeDetailView.swift */ = {isa = PBXFileReference; lastKnownFileType = sourcecode.swift; path = RMEpisodeDetailView.swift; sourceTree = "<group>"; };
		E2D2B4A5297058DF00AC4EE7 /* RMEpisodeDetailViewController.swift */ = {isa = PBXFileReference; lastKnownFileType = sourcecode.swift; path = RMEpisodeDetailViewController.swift; sourceTree = "<group>"; };
		E2D756782961BC7C0085E846 /* RMFooterLoadingCollectionReusableView.swift */ = {isa = PBXFileReference; lastKnownFileType = sourcecode.swift; path = RMFooterLoadingCollectionReusableView.swift; sourceTree = "<group>"; };
		E2E41F4D295DFFE100F6A190 /* RMOrigin.swift */ = {isa = PBXFileReference; lastKnownFileType = sourcecode.swift; path = RMOrigin.swift; sourceTree = "<group>"; };
		E2E41F4F295E015800F6A190 /* RMSingleLocation.swift */ = {isa = PBXFileReference; lastKnownFileType = sourcecode.swift; path = RMSingleLocation.swift; sourceTree = "<group>"; };
		E2E41F51295E039400F6A190 /* RMCharacterStatus.swift */ = {isa = PBXFileReference; lastKnownFileType = sourcecode.swift; path = RMCharacterStatus.swift; sourceTree = "<group>"; };
		E2E41F53295E03CC00F6A190 /* RMCharacterGender.swift */ = {isa = PBXFileReference; lastKnownFileType = sourcecode.swift; path = RMCharacterGender.swift; sourceTree = "<group>"; };
		E2E41F57295E397600F6A190 /* RMGetAllCharactersResponse.swift */ = {isa = PBXFileReference; lastKnownFileType = sourcecode.swift; path = RMGetAllCharactersResponse.swift; sourceTree = "<group>"; };
		E2E602382960946D00857092 /* RMCharacterdetailViewController.swift */ = {isa = PBXFileReference; lastKnownFileType = sourcecode.swift; path = RMCharacterdetailViewController.swift; sourceTree = "<group>"; };
		E2E6023A296095A200857092 /* RMCharacterDetailView.swift */ = {isa = PBXFileReference; lastKnownFileType = sourcecode.swift; path = RMCharacterDetailView.swift; sourceTree = "<group>"; };
		E2E6023C296095E000857092 /* RMCharacterDetailViewViewModel.swift */ = {isa = PBXFileReference; lastKnownFileType = sourcecode.swift; path = RMCharacterDetailViewViewModel.swift; sourceTree = "<group>"; };
		E2ECB7772969BFE600E83BB9 /* RMCharacterPhotoCollectionViewCell.swift */ = {isa = PBXFileReference; lastKnownFileType = sourcecode.swift; path = RMCharacterPhotoCollectionViewCell.swift; sourceTree = "<group>"; };
		E2ECB7792969BFFE00E83BB9 /* RMCharacterInfoCollectionViewCell.swift */ = {isa = PBXFileReference; lastKnownFileType = sourcecode.swift; path = RMCharacterInfoCollectionViewCell.swift; sourceTree = "<group>"; };
		E2ECB77B2969C01A00E83BB9 /* RMCharacterEpisodeCollectionViewCell.swift */ = {isa = PBXFileReference; lastKnownFileType = sourcecode.swift; path = RMCharacterEpisodeCollectionViewCell.swift; sourceTree = "<group>"; };
		E2ECB77E2969C0D100E83BB9 /* RMCharacterPhotoCollectionViewCellViewModel.swift */ = {isa = PBXFileReference; lastKnownFileType = sourcecode.swift; path = RMCharacterPhotoCollectionViewCellViewModel.swift; sourceTree = "<group>"; };
		E2ECB7802969C10F00E83BB9 /* RMCharacterInfoCollectionViewCellViewModel.swift */ = {isa = PBXFileReference; lastKnownFileType = sourcecode.swift; path = RMCharacterInfoCollectionViewCellViewModel.swift; sourceTree = "<group>"; };
		E2ECB7822969C12200E83BB9 /* RMCharacterEpisodeCollectionViewCellViewModel.swift */ = {isa = PBXFileReference; lastKnownFileType = sourcecode.swift; path = RMCharacterEpisodeCollectionViewCellViewModel.swift; sourceTree = "<group>"; };
		E2FF5E5F295EDFB900C12B5E /* RMCharacterListViewViewModel.swift */ = {isa = PBXFileReference; lastKnownFileType = sourcecode.swift; path = RMCharacterListViewViewModel.swift; sourceTree = "<group>"; };
		E2FF5E61295EE0BF00C12B5E /* RMCharacterListView.swift */ = {isa = PBXFileReference; lastKnownFileType = sourcecode.swift; path = RMCharacterListView.swift; sourceTree = "<group>"; };
		E2FF5E63295EE7AD00C12B5E /* Extensions.swift */ = {isa = PBXFileReference; lastKnownFileType = sourcecode.swift; path = Extensions.swift; sourceTree = "<group>"; };
		E2FF5E65295EF0A600C12B5E /* RMCharacterCollectionViewCell.swift */ = {isa = PBXFileReference; lastKnownFileType = sourcecode.swift; path = RMCharacterCollectionViewCell.swift; sourceTree = "<group>"; };
		E2FF5E67295EF30C00C12B5E /* RMCharacterCollectionViewCellViewModel.swift */ = {isa = PBXFileReference; lastKnownFileType = sourcecode.swift; path = RMCharacterCollectionViewCellViewModel.swift; sourceTree = "<group>"; };
/* End PBXFileReference section */

/* Begin PBXFrameworksBuildPhase section */
		E2B1544B295A04B600A657CA /* Frameworks */ = {
			isa = PBXFrameworksBuildPhase;
			buildActionMask = 2147483647;
			files = (
			);
			runOnlyForDeploymentPostprocessing = 0;
		};
/* End PBXFrameworksBuildPhase section */

/* Begin PBXGroup section */
		E2B15445295A04B600A657CA = {
			isa = PBXGroup;
			children = (
				E2B15450295A04B600A657CA /* RickAndMorty */,
				E2B1544F295A04B600A657CA /* Products */,
			);
			sourceTree = "<group>";
		};
		E2B1544F295A04B600A657CA /* Products */ = {
			isa = PBXGroup;
			children = (
				E2B1544E295A04B600A657CA /* RickAndMorty.app */,
			);
			name = Products;
			sourceTree = "<group>";
		};
		E2B15450295A04B600A657CA /* RickAndMorty */ = {
			isa = PBXGroup;
			children = (
				E2B1546B295A089900A657CA /* Resources */,
				E2B1546A295A088B00A657CA /* Managers */,
				E2B15469295A085300A657CA /* APIClient */,
				E2B15466295A07B200A657CA /* Models */,
				E2B15467295A07C400A657CA /* Views */,
				E2B15468295A07D700A657CA /* ViewModels */,
				E2B15465295A078D00A657CA /* Controllers */,
				E2B1545F295A04B700A657CA /* Info.plist */,
			);
			path = RickAndMorty;
			sourceTree = "<group>";
		};
		E2B15465295A078D00A657CA /* Controllers */ = {
			isa = PBXGroup;
			children = (
				E2E602372960942A00857092 /* other */,
				E2B15472295A0A2A00A657CA /* Core */,
			);
			path = Controllers;
			sourceTree = "<group>";
		};
		E2B15466295A07B200A657CA /* Models */ = {
			isa = PBXGroup;
			children = (
				E2E41F56295E393400F6A190 /* APIResponseTypes */,
				E2E41F55295E390900F6A190 /* DataTypes */,
			);
			path = Models;
			sourceTree = "<group>";
		};
		E2B15467295A07C400A657CA /* Views */ = {
			isa = PBXGroup;
			children = (
				E2ECB7752969BF5600E83BB9 /* CharacterDetails */,
				E2ECB7762969BF9900E83BB9 /* Character */,
				E2D756782961BC7C0085E846 /* RMFooterLoadingCollectionReusableView.swift */,
				E2C0CDF12971A20600F620D6 /* RMEpisodeDetailView.swift */,
			);
			path = Views;
			sourceTree = "<group>";
		};
		E2B15468295A07D700A657CA /* ViewModels */ = {
			isa = PBXGroup;
			children = (
				E2ECB77D2969C03600E83BB9 /* CharacterDetail */,
				E2FF5E5F295EDFB900C12B5E /* RMCharacterListViewViewModel.swift */,
				E2FF5E67295EF30C00C12B5E /* RMCharacterCollectionViewCellViewModel.swift */,
				E2C0CDEF2971A18500F620D6 /* RMEpisodeDetailViewViewModel.swift */,
			);
			path = ViewModels;
			sourceTree = "<group>";
		};
		E2B15469295A085300A657CA /* APIClient */ = {
			isa = PBXGroup;
			children = (
				E21FE65F295CBFC500978ED2 /* RMService.swift */,
				E21FE661295CBFE200978ED2 /* RMRequest.swift */,
				E21FE663295CC12000978ED2 /* RMEndpoint.swift */,
			);
			path = APIClient;
			sourceTree = "<group>";
		};
		E2B1546A295A088B00A657CA /* Managers */ = {
			isa = PBXGroup;
			children = (
				E2595CB62964C88A00B39F9B /*  RMImageLoader.swift */,
				E2C0CDED297199F300F620D6 /* RMAPICacheManager.swift */,
			);
			path = Managers;
			sourceTree = "<group>";
		};
		E2B1546B295A089900A657CA /* Resources */ = {
			isa = PBXGroup;
			children = (
				E2B1545A295A04B700A657CA /* Assets.xcassets */,
				E2B1545C295A04B700A657CA /* LaunchScreen.storyboard */,
				E2B15451295A04B600A657CA /* AppDelegate.swift */,
				E2B15453295A04B600A657CA /* SceneDelegate.swift */,
				E2FF5E63295EE7AD00C12B5E /* Extensions.swift */,
			);
			path = Resources;
			sourceTree = "<group>";
		};
		E2B15472295A0A2A00A657CA /* Core */ = {
			isa = PBXGroup;
			children = (
				E2B15455295A04B600A657CA /* RMTabBarController.swift */,
				E2B15473295A0AD900A657CA /* RMCharacterViewController.swift */,
				E2B15475295A0AF300A657CA /* RMLoactionViewController.swift */,
				E2B15477295A0B0B00A657CA /* RMEpisodeViewController.swift */,
				E2B15479295A0B1F00A657CA /* RMSettingsViewController.swift */,
			);
			path = Core;
			sourceTree = "<group>";
		};
		E2E41F55295E390900F6A190 /* DataTypes */ = {
			isa = PBXGroup;
			children = (
				E2B1546C295A097200A657CA /* RMLocation.swift */,
				E2E41F4F295E015800F6A190 /* RMSingleLocation.swift */,
				E2B1546E295A099B00A657CA /* RMCharacter.swift */,
				E2B15470295A09B200A657CA /* RMEpisode.swift */,
				E2E41F4D295DFFE100F6A190 /* RMOrigin.swift */,
				E2E41F51295E039400F6A190 /* RMCharacterStatus.swift */,
				E2E41F53295E03CC00F6A190 /* RMCharacterGender.swift */,
			);
			path = DataTypes;
			sourceTree = "<group>";
		};
		E2E41F56295E393400F6A190 /* APIResponseTypes */ = {
			isa = PBXGroup;
			children = (
				E2E41F57295E397600F6A190 /* RMGetAllCharactersResponse.swift */,
			);
			path = APIResponseTypes;
			sourceTree = "<group>";
		};
		E2E602372960942A00857092 /* other */ = {
			isa = PBXGroup;
			children = (
				E2E602382960946D00857092 /* RMCharacterdetailViewController.swift */,
				E2D2B4A5297058DF00AC4EE7 /* RMEpisodeDetailViewController.swift */,
			);
			path = other;
			sourceTree = "<group>";
		};
		E2ECB7752969BF5600E83BB9 /* CharacterDetails */ = {
			isa = PBXGroup;
			children = (
				E2E6023A296095A200857092 /* RMCharacterDetailView.swift */,
				E2ECB7772969BFE600E83BB9 /* RMCharacterPhotoCollectionViewCell.swift */,
				E2ECB7792969BFFE00E83BB9 /* RMCharacterInfoCollectionViewCell.swift */,
				E2ECB77B2969C01A00E83BB9 /* RMCharacterEpisodeCollectionViewCell.swift */,
			);
			path = CharacterDetails;
			sourceTree = "<group>";
		};
		E2ECB7762969BF9900E83BB9 /* Character */ = {
			isa = PBXGroup;
			children = (
				E2FF5E61295EE0BF00C12B5E /* RMCharacterListView.swift */,
				E2FF5E65295EF0A600C12B5E /* RMCharacterCollectionViewCell.swift */,
			);
			path = Character;
			sourceTree = "<group>";
		};
		E2ECB77D2969C03600E83BB9 /* CharacterDetail */ = {
			isa = PBXGroup;
			children = (
				E2E6023C296095E000857092 /* RMCharacterDetailViewViewModel.swift */,
				E2ECB77E2969C0D100E83BB9 /* RMCharacterPhotoCollectionViewCellViewModel.swift */,
				E2ECB7802969C10F00E83BB9 /* RMCharacterInfoCollectionViewCellViewModel.swift */,
				E2ECB7822969C12200E83BB9 /* RMCharacterEpisodeCollectionViewCellViewModel.swift */,
			);
			path = CharacterDetail;
			sourceTree = "<group>";
		};
/* End PBXGroup section */

/* Begin PBXNativeTarget section */
		E2B1544D295A04B600A657CA /* RickAndMorty */ = {
			isa = PBXNativeTarget;
			buildConfigurationList = E2B15462295A04B700A657CA /* Build configuration list for PBXNativeTarget "RickAndMorty" */;
			buildPhases = (
				E2B1544A295A04B600A657CA /* Sources */,
				E2B1544B295A04B600A657CA /* Frameworks */,
				E2B1544C295A04B600A657CA /* Resources */,
			);
			buildRules = (
			);
			dependencies = (
			);
			name = RickAndMorty;
			productName = RickAndMorty;
			productReference = E2B1544E295A04B600A657CA /* RickAndMorty.app */;
			productType = "com.apple.product-type.application";
		};
/* End PBXNativeTarget section */

/* Begin PBXProject section */
		E2B15446295A04B600A657CA /* Project object */ = {
			isa = PBXProject;
			attributes = {
				BuildIndependentTargetsInParallel = 1;
				LastSwiftUpdateCheck = 1420;
				LastUpgradeCheck = 1420;
				TargetAttributes = {
					E2B1544D295A04B600A657CA = {
						CreatedOnToolsVersion = 14.2;
					};
				};
			};
			buildConfigurationList = E2B15449295A04B600A657CA /* Build configuration list for PBXProject "RickAndMorty" */;
			compatibilityVersion = "Xcode 14.0";
			developmentRegion = en;
			hasScannedForEncodings = 0;
			knownRegions = (
				en,
				Base,
			);
			mainGroup = E2B15445295A04B600A657CA;
			productRefGroup = E2B1544F295A04B600A657CA /* Products */;
			projectDirPath = "";
			projectRoot = "";
			targets = (
				E2B1544D295A04B600A657CA /* RickAndMorty */,
			);
		};
/* End PBXProject section */

/* Begin PBXResourcesBuildPhase section */
		E2B1544C295A04B600A657CA /* Resources */ = {
			isa = PBXResourcesBuildPhase;
			buildActionMask = 2147483647;
			files = (
				E2B1545E295A04B700A657CA /* LaunchScreen.storyboard in Resources */,
				E2B1545B295A04B700A657CA /* Assets.xcassets in Resources */,
			);
			runOnlyForDeploymentPostprocessing = 0;
		};
/* End PBXResourcesBuildPhase section */

/* Begin PBXSourcesBuildPhase section */
		E2B1544A295A04B600A657CA /* Sources */ = {
			isa = PBXSourcesBuildPhase;
			buildActionMask = 2147483647;
			files = (
				E2E41F4E295DFFE100F6A190 /* RMOrigin.swift in Sources */,
				E2E6023D296095E000857092 /* RMCharacterDetailViewViewModel.swift in Sources */,
				E2E41F50295E015800F6A190 /* RMSingleLocation.swift in Sources */,
				E2FF5E62295EE0BF00C12B5E /* RMCharacterListView.swift in Sources */,
				E2E41F58295E397600F6A190 /* RMGetAllCharactersResponse.swift in Sources */,
				E2E41F52295E039400F6A190 /* RMCharacterStatus.swift in Sources */,
				E2E41F54295E03CC00F6A190 /* RMCharacterGender.swift in Sources */,
				E2B15476295A0AF300A657CA /* RMLoactionViewController.swift in Sources */,
				E2D756792961BC7C0085E846 /* RMFooterLoadingCollectionReusableView.swift in Sources */,
				E2B15471295A09B200A657CA /* RMEpisode.swift in Sources */,
				E2B15456295A04B600A657CA /* RMTabBarController.swift in Sources */,
				E2ECB77A2969BFFE00E83BB9 /* RMCharacterInfoCollectionViewCell.swift in Sources */,
				E2FF5E66295EF0A600C12B5E /* RMCharacterCollectionViewCell.swift in Sources */,
				E2B15478295A0B0B00A657CA /* RMEpisodeViewController.swift in Sources */,
				E2ECB7812969C10F00E83BB9 /* RMCharacterInfoCollectionViewCellViewModel.swift in Sources */,
				E2B15452295A04B600A657CA /* AppDelegate.swift in Sources */,
				E2595CB72964C88A00B39F9B /*  RMImageLoader.swift in Sources */,
				E2B15454295A04B600A657CA /* SceneDelegate.swift in Sources */,
				E2B1547A295A0B1F00A657CA /* RMSettingsViewController.swift in Sources */,
				E2ECB7782969BFE600E83BB9 /* RMCharacterPhotoCollectionViewCell.swift in Sources */,
				E2ECB7832969C12200E83BB9 /* RMCharacterEpisodeCollectionViewCellViewModel.swift in Sources */,
				E2FF5E64295EE7AD00C12B5E /* Extensions.swift in Sources */,
				E21FE660295CBFC500978ED2 /* RMService.swift in Sources */,
				E2ECB77F2969C0D100E83BB9 /* RMCharacterPhotoCollectionViewCellViewModel.swift in Sources */,
				E2B1546D295A097200A657CA /* RMLocation.swift in Sources */,
				E21FE664295CC12000978ED2 /* RMEndpoint.swift in Sources */,
				E2B1546F295A099B00A657CA /* RMCharacter.swift in Sources */,
				E2D2B4A6297058DF00AC4EE7 /* RMEpisodeDetailViewController.swift in Sources */,
				E2C0CDF22971A20600F620D6 /* RMEpisodeDetailView.swift in Sources */,
				E2FF5E68295EF30C00C12B5E /* RMCharacterCollectionViewCellViewModel.swift in Sources */,
				E21FE662295CBFE200978ED2 /* RMRequest.swift in Sources */,
				E2FF5E60295EDFB900C12B5E /* RMCharacterListViewViewModel.swift in Sources */,
				E2E602392960946D00857092 /* RMCharacterdetailViewController.swift in Sources */,
				E2ECB77C2969C01A00E83BB9 /* RMCharacterEpisodeCollectionViewCell.swift in Sources */,
				E2B15474295A0AD900A657CA /* RMCharacterViewController.swift in Sources */,
				E2C0CDEE297199F300F620D6 /* RMAPICacheManager.swift in Sources */,
				E2C0CDF02971A18500F620D6 /* RMEpisodeDetailViewViewModel.swift in Sources */,
				E2E6023B296095A200857092 /* RMCharacterDetailView.swift in Sources */,
			);
			runOnlyForDeploymentPostprocessing = 0;
		};
/* End PBXSourcesBuildPhase section */

/* Begin PBXVariantGroup section */
		E2B1545C295A04B700A657CA /* LaunchScreen.storyboard */ = {
			isa = PBXVariantGroup;
			children = (
				E2B1545D295A04B700A657CA /* Base */,
			);
			name = LaunchScreen.storyboard;
			sourceTree = "<group>";
		};
/* End PBXVariantGroup section */

/* Begin XCBuildConfiguration section */
		E2B15460295A04B700A657CA /* Debug */ = {
			isa = XCBuildConfiguration;
			buildSettings = {
				ALWAYS_SEARCH_USER_PATHS = NO;
				CLANG_ANALYZER_NONNULL = YES;
				CLANG_ANALYZER_NUMBER_OBJECT_CONVERSION = YES_AGGRESSIVE;
				CLANG_CXX_LANGUAGE_STANDARD = "gnu++20";
				CLANG_ENABLE_MODULES = YES;
				CLANG_ENABLE_OBJC_ARC = YES;
				CLANG_ENABLE_OBJC_WEAK = YES;
				CLANG_WARN_BLOCK_CAPTURE_AUTORELEASING = YES;
				CLANG_WARN_BOOL_CONVERSION = YES;
				CLANG_WARN_COMMA = YES;
				CLANG_WARN_CONSTANT_CONVERSION = YES;
				CLANG_WARN_DEPRECATED_OBJC_IMPLEMENTATIONS = YES;
				CLANG_WARN_DIRECT_OBJC_ISA_USAGE = YES_ERROR;
				CLANG_WARN_DOCUMENTATION_COMMENTS = YES;
				CLANG_WARN_EMPTY_BODY = YES;
				CLANG_WARN_ENUM_CONVERSION = YES;
				CLANG_WARN_INFINITE_RECURSION = YES;
				CLANG_WARN_INT_CONVERSION = YES;
				CLANG_WARN_NON_LITERAL_NULL_CONVERSION = YES;
				CLANG_WARN_OBJC_IMPLICIT_RETAIN_SELF = YES;
				CLANG_WARN_OBJC_LITERAL_CONVERSION = YES;
				CLANG_WARN_OBJC_ROOT_CLASS = YES_ERROR;
				CLANG_WARN_QUOTED_INCLUDE_IN_FRAMEWORK_HEADER = YES;
				CLANG_WARN_RANGE_LOOP_ANALYSIS = YES;
				CLANG_WARN_STRICT_PROTOTYPES = YES;
				CLANG_WARN_SUSPICIOUS_MOVE = YES;
				CLANG_WARN_UNGUARDED_AVAILABILITY = YES_AGGRESSIVE;
				CLANG_WARN_UNREACHABLE_CODE = YES;
				CLANG_WARN__DUPLICATE_METHOD_MATCH = YES;
				COPY_PHASE_STRIP = NO;
				DEBUG_INFORMATION_FORMAT = dwarf;
				ENABLE_STRICT_OBJC_MSGSEND = YES;
				ENABLE_TESTABILITY = YES;
				GCC_C_LANGUAGE_STANDARD = gnu11;
				GCC_DYNAMIC_NO_PIC = NO;
				GCC_NO_COMMON_BLOCKS = YES;
				GCC_OPTIMIZATION_LEVEL = 0;
				GCC_PREPROCESSOR_DEFINITIONS = (
					"DEBUG=1",
					"$(inherited)",
				);
				GCC_WARN_64_TO_32_BIT_CONVERSION = YES;
				GCC_WARN_ABOUT_RETURN_TYPE = YES_ERROR;
				GCC_WARN_UNDECLARED_SELECTOR = YES;
				GCC_WARN_UNINITIALIZED_AUTOS = YES_AGGRESSIVE;
				GCC_WARN_UNUSED_FUNCTION = YES;
				GCC_WARN_UNUSED_VARIABLE = YES;
				IPHONEOS_DEPLOYMENT_TARGET = 16.2;
				MTL_ENABLE_DEBUG_INFO = INCLUDE_SOURCE;
				MTL_FAST_MATH = YES;
				ONLY_ACTIVE_ARCH = YES;
				SDKROOT = iphoneos;
				SWIFT_ACTIVE_COMPILATION_CONDITIONS = DEBUG;
				SWIFT_OPTIMIZATION_LEVEL = "-Onone";
			};
			name = Debug;
		};
		E2B15461295A04B700A657CA /* Release */ = {
			isa = XCBuildConfiguration;
			buildSettings = {
				ALWAYS_SEARCH_USER_PATHS = NO;
				CLANG_ANALYZER_NONNULL = YES;
				CLANG_ANALYZER_NUMBER_OBJECT_CONVERSION = YES_AGGRESSIVE;
				CLANG_CXX_LANGUAGE_STANDARD = "gnu++20";
				CLANG_ENABLE_MODULES = YES;
				CLANG_ENABLE_OBJC_ARC = YES;
				CLANG_ENABLE_OBJC_WEAK = YES;
				CLANG_WARN_BLOCK_CAPTURE_AUTORELEASING = YES;
				CLANG_WARN_BOOL_CONVERSION = YES;
				CLANG_WARN_COMMA = YES;
				CLANG_WARN_CONSTANT_CONVERSION = YES;
				CLANG_WARN_DEPRECATED_OBJC_IMPLEMENTATIONS = YES;
				CLANG_WARN_DIRECT_OBJC_ISA_USAGE = YES_ERROR;
				CLANG_WARN_DOCUMENTATION_COMMENTS = YES;
				CLANG_WARN_EMPTY_BODY = YES;
				CLANG_WARN_ENUM_CONVERSION = YES;
				CLANG_WARN_INFINITE_RECURSION = YES;
				CLANG_WARN_INT_CONVERSION = YES;
				CLANG_WARN_NON_LITERAL_NULL_CONVERSION = YES;
				CLANG_WARN_OBJC_IMPLICIT_RETAIN_SELF = YES;
				CLANG_WARN_OBJC_LITERAL_CONVERSION = YES;
				CLANG_WARN_OBJC_ROOT_CLASS = YES_ERROR;
				CLANG_WARN_QUOTED_INCLUDE_IN_FRAMEWORK_HEADER = YES;
				CLANG_WARN_RANGE_LOOP_ANALYSIS = YES;
				CLANG_WARN_STRICT_PROTOTYPES = YES;
				CLANG_WARN_SUSPICIOUS_MOVE = YES;
				CLANG_WARN_UNGUARDED_AVAILABILITY = YES_AGGRESSIVE;
				CLANG_WARN_UNREACHABLE_CODE = YES;
				CLANG_WARN__DUPLICATE_METHOD_MATCH = YES;
				COPY_PHASE_STRIP = NO;
				DEBUG_INFORMATION_FORMAT = "dwarf-with-dsym";
				ENABLE_NS_ASSERTIONS = NO;
				ENABLE_STRICT_OBJC_MSGSEND = YES;
				GCC_C_LANGUAGE_STANDARD = gnu11;
				GCC_NO_COMMON_BLOCKS = YES;
				GCC_WARN_64_TO_32_BIT_CONVERSION = YES;
				GCC_WARN_ABOUT_RETURN_TYPE = YES_ERROR;
				GCC_WARN_UNDECLARED_SELECTOR = YES;
				GCC_WARN_UNINITIALIZED_AUTOS = YES_AGGRESSIVE;
				GCC_WARN_UNUSED_FUNCTION = YES;
				GCC_WARN_UNUSED_VARIABLE = YES;
				IPHONEOS_DEPLOYMENT_TARGET = 16.2;
				MTL_ENABLE_DEBUG_INFO = NO;
				MTL_FAST_MATH = YES;
				SDKROOT = iphoneos;
				SWIFT_COMPILATION_MODE = wholemodule;
				SWIFT_OPTIMIZATION_LEVEL = "-O";
				VALIDATE_PRODUCT = YES;
			};
			name = Release;
		};
		E2B15463295A04B700A657CA /* Debug */ = {
			isa = XCBuildConfiguration;
			buildSettings = {
				ASSETCATALOG_COMPILER_APPICON_NAME = AppIcon;
				ASSETCATALOG_COMPILER_GLOBAL_ACCENT_COLOR_NAME = AccentColor;
				CODE_SIGN_STYLE = Automatic;
				CURRENT_PROJECT_VERSION = 1;
				DEVELOPMENT_TEAM = Q4YS55FQ72;
				GENERATE_INFOPLIST_FILE = YES;
				INFOPLIST_FILE = RickAndMorty/Info.plist;
				INFOPLIST_KEY_UIApplicationSupportsIndirectInputEvents = YES;
				INFOPLIST_KEY_UILaunchStoryboardName = LaunchScreen;
				INFOPLIST_KEY_UISupportedInterfaceOrientations_iPad = "UIInterfaceOrientationPortrait UIInterfaceOrientationPortraitUpsideDown UIInterfaceOrientationLandscapeLeft UIInterfaceOrientationLandscapeRight";
				INFOPLIST_KEY_UISupportedInterfaceOrientations_iPhone = "UIInterfaceOrientationPortrait UIInterfaceOrientationLandscapeLeft UIInterfaceOrientationLandscapeRight";
				LD_RUNPATH_SEARCH_PATHS = (
					"$(inherited)",
					"@executable_path/Frameworks",
				);
				MARKETING_VERSION = 1.0;
				PRODUCT_BUNDLE_IDENTIFIER = com.chiragarora.RickAndMorty;
				PRODUCT_NAME = "$(TARGET_NAME)";
				SWIFT_EMIT_LOC_STRINGS = YES;
				SWIFT_VERSION = 5.0;
				TARGETED_DEVICE_FAMILY = "1,2";
			};
			name = Debug;
		};
		E2B15464295A04B700A657CA /* Release */ = {
			isa = XCBuildConfiguration;
			buildSettings = {
				ASSETCATALOG_COMPILER_APPICON_NAME = AppIcon;
				ASSETCATALOG_COMPILER_GLOBAL_ACCENT_COLOR_NAME = AccentColor;
				CODE_SIGN_STYLE = Automatic;
				CURRENT_PROJECT_VERSION = 1;
				DEVELOPMENT_TEAM = Q4YS55FQ72;
				GENERATE_INFOPLIST_FILE = YES;
				INFOPLIST_FILE = RickAndMorty/Info.plist;
				INFOPLIST_KEY_UIApplicationSupportsIndirectInputEvents = YES;
				INFOPLIST_KEY_UILaunchStoryboardName = LaunchScreen;
				INFOPLIST_KEY_UISupportedInterfaceOrientations_iPad = "UIInterfaceOrientationPortrait UIInterfaceOrientationPortraitUpsideDown UIInterfaceOrientationLandscapeLeft UIInterfaceOrientationLandscapeRight";
				INFOPLIST_KEY_UISupportedInterfaceOrientations_iPhone = "UIInterfaceOrientationPortrait UIInterfaceOrientationLandscapeLeft UIInterfaceOrientationLandscapeRight";
				LD_RUNPATH_SEARCH_PATHS = (
					"$(inherited)",
					"@executable_path/Frameworks",
				);
				MARKETING_VERSION = 1.0;
				PRODUCT_BUNDLE_IDENTIFIER = com.chiragarora.RickAndMorty;
				PRODUCT_NAME = "$(TARGET_NAME)";
				SWIFT_EMIT_LOC_STRINGS = YES;
				SWIFT_VERSION = 5.0;
				TARGETED_DEVICE_FAMILY = "1,2";
			};
			name = Release;
		};
/* End XCBuildConfiguration section */

/* Begin XCConfigurationList section */
		E2B15449295A04B600A657CA /* Build configuration list for PBXProject "RickAndMorty" */ = {
			isa = XCConfigurationList;
			buildConfigurations = (
				E2B15460295A04B700A657CA /* Debug */,
				E2B15461295A04B700A657CA /* Release */,
			);
			defaultConfigurationIsVisible = 0;
			defaultConfigurationName = Release;
		};
		E2B15462295A04B700A657CA /* Build configuration list for PBXNativeTarget "RickAndMorty" */ = {
			isa = XCConfigurationList;
			buildConfigurations = (
				E2B15463295A04B700A657CA /* Debug */,
				E2B15464295A04B700A657CA /* Release */,
			);
			defaultConfigurationIsVisible = 0;
			defaultConfigurationName = Release;
		};
/* End XCConfigurationList section */
	};
	rootObject = E2B15446295A04B600A657CA /* Project object */;
}
